
Microsoft Visual Studio Solution File, Format Version 12.00
# Visual Studio Version 16
VisualStudioVersion = 16.0.30114.105
MinimumVisualStudioVersion = 10.0.40219.1
Project("{FAE04EC0-301F-11D3-BF4B-00C04F79EFBC}") = "TilbagoApiNet", "src\TilbagoApiNet\TilbagoApiNet.csproj", "{BAEC118D-4C1C-4540-A432-05FB315CE82A}"
EndProject
Project("{FAE04EC0-301F-11D3-BF4B-00C04F79EFBC}") = "TilbagoApiNet.AspNetCore", "src\TilbagoApiNet.AspNetCore\TilbagoApiNet.AspNetCore.csproj", "{15064197-32BB-47B3-961A-1F2F586349CE}"
EndProject
Project("{FAE04EC0-301F-11D3-BF4B-00C04F79EFBC}") = "TilbagoApiNet.Abstractions", "src\TilbagoApiNet.Abstractions\TilbagoApiNet.Abstractions.csproj", "{3F419BFD-A5BF-4AD2-B3B0-C2D0827AB1CA}"
EndProject
Project("{2150E333-8FDC-42A3-9474-1A3956D46DE8}") = "Repository", "Repository", "{2B0E2D20-3E33-4087-ADF0-2D74BC5FA68D}"
	ProjectSection(SolutionItems) = preProject
		.gitignore = .gitignore
		LICENSE = LICENSE
		README.md = README.md
	EndProjectSection
EndProject
Project("{2150E333-8FDC-42A3-9474-1A3956D46DE8}") = "src", "src", "{827E0CD3-B72D-47B6-A68D-7590B98EB39B}"
EndProject
Project("{FAE04EC0-301F-11D3-BF4B-00C04F79EFBC}") = "TilbagoApiNet.UnitTests", "src\TilbagoApiNet.UnitTests\TilbagoApiNet.UnitTests.csproj", "{9D03FBA9-F49A-4955-B0DC-B403A90C6CF8}"
EndProject
Project("{FAE04EC0-301F-11D3-BF4B-00C04F79EFBC}") = "TilbagoApiNet.IntegrationTests", "src\TilbagoApiNet.IntegrationTests\TilbagoApiNet.IntegrationTests.csproj", "{DE3D7C65-8AC5-4F46-B3AE-AD2CCFA63EC4}"
EndProject
Project("{FAE04EC0-301F-11D3-BF4B-00C04F79EFBC}") = "TilbagoApiNet.E2eTests", "src\TilbagoApiNet.E2eTests\TilbagoApiNet.E2eTests.csproj", "{50A9288C-BE57-49B4-BBFA-D57FB17D46F1}"
EndProject
Global
	GlobalSection(SolutionConfigurationPlatforms) = preSolution
		Debug|Any CPU = Debug|Any CPU
		Debug|x64 = Debug|x64
		Debug|x86 = Debug|x86
		Release|Any CPU = Release|Any CPU
		Release|x64 = Release|x64
		Release|x86 = Release|x86
	EndGlobalSection
	GlobalSection(ProjectConfigurationPlatforms) = postSolution
		{BAEC118D-4C1C-4540-A432-05FB315CE82A}.Debug|Any CPU.ActiveCfg = Debug|Any CPU
		{BAEC118D-4C1C-4540-A432-05FB315CE82A}.Debug|Any CPU.Build.0 = Debug|Any CPU
		{BAEC118D-4C1C-4540-A432-05FB315CE82A}.Debug|x64.ActiveCfg = Debug|Any CPU
		{BAEC118D-4C1C-4540-A432-05FB315CE82A}.Debug|x64.Build.0 = Debug|Any CPU
		{BAEC118D-4C1C-4540-A432-05FB315CE82A}.Debug|x86.ActiveCfg = Debug|Any CPU
		{BAEC118D-4C1C-4540-A432-05FB315CE82A}.Debug|x86.Build.0 = Debug|Any CPU
		{BAEC118D-4C1C-4540-A432-05FB315CE82A}.Release|Any CPU.ActiveCfg = Release|Any CPU
		{BAEC118D-4C1C-4540-A432-05FB315CE82A}.Release|Any CPU.Build.0 = Release|Any CPU
		{BAEC118D-4C1C-4540-A432-05FB315CE82A}.Release|x64.ActiveCfg = Release|Any CPU
		{BAEC118D-4C1C-4540-A432-05FB315CE82A}.Release|x64.Build.0 = Release|Any CPU
		{BAEC118D-4C1C-4540-A432-05FB315CE82A}.Release|x86.ActiveCfg = Release|Any CPU
		{BAEC118D-4C1C-4540-A432-05FB315CE82A}.Release|x86.Build.0 = Release|Any CPU
		{15064197-32BB-47B3-961A-1F2F586349CE}.Debug|Any CPU.ActiveCfg = Debug|Any CPU
		{15064197-32BB-47B3-961A-1F2F586349CE}.Debug|Any CPU.Build.0 = Debug|Any CPU
		{15064197-32BB-47B3-961A-1F2F586349CE}.Debug|x64.ActiveCfg = Debug|Any CPU
		{15064197-32BB-47B3-961A-1F2F586349CE}.Debug|x64.Build.0 = Debug|Any CPU
		{15064197-32BB-47B3-961A-1F2F586349CE}.Debug|x86.ActiveCfg = Debug|Any CPU
		{15064197-32BB-47B3-961A-1F2F586349CE}.Debug|x86.Build.0 = Debug|Any CPU
		{15064197-32BB-47B3-961A-1F2F586349CE}.Release|Any CPU.ActiveCfg = Release|Any CPU
		{15064197-32BB-47B3-961A-1F2F586349CE}.Release|Any CPU.Build.0 = Release|Any CPU
		{15064197-32BB-47B3-961A-1F2F586349CE}.Release|x64.ActiveCfg = Release|Any CPU
		{15064197-32BB-47B3-961A-1F2F586349CE}.Release|x64.Build.0 = Release|Any CPU
		{15064197-32BB-47B3-961A-1F2F586349CE}.Release|x86.ActiveCfg = Release|Any CPU
		{15064197-32BB-47B3-961A-1F2F586349CE}.Release|x86.Build.0 = Release|Any CPU
		{3F419BFD-A5BF-4AD2-B3B0-C2D0827AB1CA}.Debug|Any CPU.ActiveCfg = Debug|Any CPU
		{3F419BFD-A5BF-4AD2-B3B0-C2D0827AB1CA}.Debug|Any CPU.Build.0 = Debug|Any CPU
		{3F419BFD-A5BF-4AD2-B3B0-C2D0827AB1CA}.Debug|x64.ActiveCfg = Debug|Any CPU
		{3F419BFD-A5BF-4AD2-B3B0-C2D0827AB1CA}.Debug|x64.Build.0 = Debug|Any CPU
		{3F419BFD-A5BF-4AD2-B3B0-C2D0827AB1CA}.Debug|x86.ActiveCfg = Debug|Any CPU
		{3F419BFD-A5BF-4AD2-B3B0-C2D0827AB1CA}.Debug|x86.Build.0 = Debug|Any CPU
		{3F419BFD-A5BF-4AD2-B3B0-C2D0827AB1CA}.Release|Any CPU.ActiveCfg = Release|Any CPU
		{3F419BFD-A5BF-4AD2-B3B0-C2D0827AB1CA}.Release|Any CPU.Build.0 = Release|Any CPU
		{3F419BFD-A5BF-4AD2-B3B0-C2D0827AB1CA}.Release|x64.ActiveCfg = Release|Any CPU
		{3F419BFD-A5BF-4AD2-B3B0-C2D0827AB1CA}.Release|x64.Build.0 = Release|Any CPU
		{3F419BFD-A5BF-4AD2-B3B0-C2D0827AB1CA}.Release|x86.ActiveCfg = Release|Any CPU
		{3F419BFD-A5BF-4AD2-B3B0-C2D0827AB1CA}.Release|x86.Build.0 = Release|Any CPU
		{9D03FBA9-F49A-4955-B0DC-B403A90C6CF8}.Debug|Any CPU.ActiveCfg = Debug|Any CPU
		{9D03FBA9-F49A-4955-B0DC-B403A90C6CF8}.Debug|Any CPU.Build.0 = Debug|Any CPU
		{9D03FBA9-F49A-4955-B0DC-B403A90C6CF8}.Debug|x64.ActiveCfg = Debug|Any CPU
		{9D03FBA9-F49A-4955-B0DC-B403A90C6CF8}.Debug|x64.Build.0 = Debug|Any CPU
		{9D03FBA9-F49A-4955-B0DC-B403A90C6CF8}.Debug|x86.ActiveCfg = Debug|Any CPU
		{9D03FBA9-F49A-4955-B0DC-B403A90C6CF8}.Debug|x86.Build.0 = Debug|Any CPU
		{9D03FBA9-F49A-4955-B0DC-B403A90C6CF8}.Release|Any CPU.ActiveCfg = Release|Any CPU
		{9D03FBA9-F49A-4955-B0DC-B403A90C6CF8}.Release|Any CPU.Build.0 = Release|Any CPU
		{9D03FBA9-F49A-4955-B0DC-B403A90C6CF8}.Release|x64.ActiveCfg = Release|Any CPU
		{9D03FBA9-F49A-4955-B0DC-B403A90C6CF8}.Release|x64.Build.0 = Release|Any CPU
		{9D03FBA9-F49A-4955-B0DC-B403A90C6CF8}.Release|x86.ActiveCfg = Release|Any CPU
		{9D03FBA9-F49A-4955-B0DC-B403A90C6CF8}.Release|x86.Build.0 = Release|Any CPU
		{DE3D7C65-8AC5-4F46-B3AE-AD2CCFA63EC4}.Debug|Any CPU.ActiveCfg = Debug|Any CPU
		{DE3D7C65-8AC5-4F46-B3AE-AD2CCFA63EC4}.Debug|Any CPU.Build.0 = Debug|Any CPU
		{DE3D7C65-8AC5-4F46-B3AE-AD2CCFA63EC4}.Debug|x64.ActiveCfg = Debug|Any CPU
		{DE3D7C65-8AC5-4F46-B3AE-AD2CCFA63EC4}.Debug|x64.Build.0 = Debug|Any CPU
		{DE3D7C65-8AC5-4F46-B3AE-AD2CCFA63EC4}.Debug|x86.ActiveCfg = Debug|Any CPU
		{DE3D7C65-8AC5-4F46-B3AE-AD2CCFA63EC4}.Debug|x86.Build.0 = Debug|Any CPU
		{DE3D7C65-8AC5-4F46-B3AE-AD2CCFA63EC4}.Release|Any CPU.ActiveCfg = Release|Any CPU
		{DE3D7C65-8AC5-4F46-B3AE-AD2CCFA63EC4}.Release|Any CPU.Build.0 = Release|Any CPU
		{DE3D7C65-8AC5-4F46-B3AE-AD2CCFA63EC4}.Release|x64.ActiveCfg = Release|Any CPU
		{DE3D7C65-8AC5-4F46-B3AE-AD2CCFA63EC4}.Release|x64.Build.0 = Release|Any CPU
		{DE3D7C65-8AC5-4F46-B3AE-AD2CCFA63EC4}.Release|x86.ActiveCfg = Release|Any CPU
		{DE3D7C65-8AC5-4F46-B3AE-AD2CCFA63EC4}.Release|x86.Build.0 = Release|Any CPU
		{50A9288C-BE57-49B4-BBFA-D57FB17D46F1}.Debug|Any CPU.ActiveCfg = Debug|Any CPU
		{50A9288C-BE57-49B4-BBFA-D57FB17D46F1}.Debug|Any CPU.Build.0 = Debug|Any CPU
		{50A9288C-BE57-49B4-BBFA-D57FB17D46F1}.Debug|x64.ActiveCfg = Debug|Any CPU
		{50A9288C-BE57-49B4-BBFA-D57FB17D46F1}.Debug|x64.Build.0 = Debug|Any CPU
		{50A9288C-BE57-49B4-BBFA-D57FB17D46F1}.Debug|x86.ActiveCfg = Debug|Any CPU
		{50A9288C-BE57-49B4-BBFA-D57FB17D46F1}.Debug|x86.Build.0 = Debug|Any CPU
		{50A9288C-BE57-49B4-BBFA-D57FB17D46F1}.Release|Any CPU.ActiveCfg = Release|Any CPU
		{50A9288C-BE57-49B4-BBFA-D57FB17D46F1}.Release|Any CPU.Build.0 = Release|Any CPU
		{50A9288C-BE57-49B4-BBFA-D57FB17D46F1}.Release|x64.ActiveCfg = Release|Any CPU
		{50A9288C-BE57-49B4-BBFA-D57FB17D46F1}.Release|x64.Build.0 = Release|Any CPU
		{50A9288C-BE57-49B4-BBFA-D57FB17D46F1}.Release|x86.ActiveCfg = Release|Any CPU
		{50A9288C-BE57-49B4-BBFA-D57FB17D46F1}.Release|x86.Build.0 = Release|Any CPU
	EndGlobalSection
	GlobalSection(SolutionProperties) = preSolution
		HideSolutionNode = FALSE
	EndGlobalSection
	GlobalSection(NestedProjects) = preSolution
		{9D03FBA9-F49A-4955-B0DC-B403A90C6CF8} = {827E0CD3-B72D-47B6-A68D-7590B98EB39B}
		{DE3D7C65-8AC5-4F46-B3AE-AD2CCFA63EC4} = {827E0CD3-B72D-47B6-A68D-7590B98EB39B}
		{50A9288C-BE57-49B4-BBFA-D57FB17D46F1} = {827E0CD3-B72D-47B6-A68D-7590B98EB39B}
	EndGlobalSection
EndGlobal
