
Microsoft Visual Studio Solution File, Format Version 12.00
# Visual Studio Version 16
VisualStudioVersion = 16.0.30114.105
MinimumVisualStudioVersion = 10.0.40219.1
Project("{FAE04EC0-301F-11D3-BF4B-00C04F79EFBC}") = "TilbagoApiNet", "src\TilbagoApiNet\TilbagoApiNet.csproj", "{BAEC118D-4C1C-4540-A432-05FB315CE82A}"
EndProject
Project("{FAE04EC0-301F-11D3-BF4B-00C04F79EFBC}") = "TilbagoApiNet.AspNetCore", "src\TilbagoApiNet.AspNetCore\TilbagoApiNet.AspNetCore.csproj", "{15064197-32BB-47B3-961A-1F2F586349CE}"
EndProject
Project("{FAE04EC0-301F-11D3-BF4B-00C04F79EFBC}") = "TilbagoApiNet.Abstractions", "src\TilbagoApiNet.Abstractions\TilbagoApiNet.Abstractions.csproj", "{3F419BFD-A5BF-4AD2-B3B0-C2D0827AB1CA}"
EndProject
Project("{FAE04EC0-301F-11D3-BF4B-00C04F79EFBC}") = "TilbagoApiNet.Tests", "src\TilbagoApiNet.Tests\TilbagoApiNet.Tests.csproj", "{67D63FFC-9C8F-477E-81C9-B0452C9B36B4}"
EndProject
Global
	GlobalSection(SolutionConfigurationPlatforms) = preSolution
		Debug|Any CPU = Debug|Any CPU
		Release|Any CPU = Release|Any CPU
	EndGlobalSection
	GlobalSection(SolutionProperties) = preSolution
		HideSolutionNode = FALSE
	EndGlobalSection
	GlobalSection(ProjectConfigurationPlatforms) = postSolution
		{BAEC118D-4C1C-4540-A432-05FB315CE82A}.Debug|Any CPU.ActiveCfg = Debug|Any CPU
		{BAEC118D-4C1C-4540-A432-05FB315CE82A}.Debug|Any CPU.Build.0 = Debug|Any CPU
		{BAEC118D-4C1C-4540-A432-05FB315CE82A}.Release|Any CPU.ActiveCfg = Release|Any CPU
		{BAEC118D-4C1C-4540-A432-05FB315CE82A}.Release|Any CPU.Build.0 = Release|Any CPU
		{15064197-32BB-47B3-961A-1F2F586349CE}.Debug|Any CPU.ActiveCfg = Debug|Any CPU
		{15064197-32BB-47B3-961A-1F2F586349CE}.Debug|Any CPU.Build.0 = Debug|Any CPU
		{15064197-32BB-47B3-961A-1F2F586349CE}.Release|Any CPU.ActiveCfg = Release|Any CPU
		{15064197-32BB-47B3-961A-1F2F586349CE}.Release|Any CPU.Build.0 = Release|Any CPU
		{3F419BFD-A5BF-4AD2-B3B0-C2D0827AB1CA}.Debug|Any CPU.ActiveCfg = Debug|Any CPU
		{3F419BFD-A5BF-4AD2-B3B0-C2D0827AB1CA}.Debug|Any CPU.Build.0 = Debug|Any CPU
		{3F419BFD-A5BF-4AD2-B3B0-C2D0827AB1CA}.Release|Any CPU.ActiveCfg = Release|Any CPU
		{3F419BFD-A5BF-4AD2-B3B0-C2D0827AB1CA}.Release|Any CPU.Build.0 = Release|Any CPU
		{67D63FFC-9C8F-477E-81C9-B0452C9B36B4}.Debug|Any CPU.ActiveCfg = Debug|Any CPU
		{67D63FFC-9C8F-477E-81C9-B0452C9B36B4}.Debug|Any CPU.Build.0 = Debug|Any CPU
		{67D63FFC-9C8F-477E-81C9-B0452C9B36B4}.Release|Any CPU.ActiveCfg = Release|Any CPU
		{67D63FFC-9C8F-477E-81C9-B0452C9B36B4}.Release|Any CPU.Build.0 = Release|Any CPU
	EndGlobalSection
EndGlobal
